// !$*UTF8*$!
{
	archiveVersion = 1;
	classes = {
	};
	objectVersion = 56;
	objects = {

/* Begin PBXBuildFile section */
		024F86672AEAE38700F752DA /* TransactionDetailsScreen.swift in Sources */ = {isa = PBXBuildFile; fileRef = 024F86662AEAE38700F752DA /* TransactionDetailsScreen.swift */; };
		024F86692AEAE3D700F752DA /* TransactionDetailsViewModel.swift in Sources */ = {isa = PBXBuildFile; fileRef = 024F86682AEAE3D700F752DA /* TransactionDetailsViewModel.swift */; };
		024F866C2AEAE53700F752DA /* TransactionDetailsDataProvider.swift in Sources */ = {isa = PBXBuildFile; fileRef = 024F866B2AEAE53700F752DA /* TransactionDetailsDataProvider.swift */; };
		024F866E2AEAE57600F752DA /* Analytics.swift in Sources */ = {isa = PBXBuildFile; fileRef = 024F866D2AEAE57600F752DA /* Analytics.swift */; };
		024F86702AEAE58900F752DA /* FlagManager.swift in Sources */ = {isa = PBXBuildFile; fileRef = 024F866F2AEAE58900F752DA /* FlagManager.swift */; };
		024F86722AEAE5B500F752DA /* TransactionsCoordinator.swift in Sources */ = {isa = PBXBuildFile; fileRef = 024F86712AEAE5B500F752DA /* TransactionsCoordinator.swift */; };
		024F86752AEAE98700F752DA /* LandingCoordinator.swift in Sources */ = {isa = PBXBuildFile; fileRef = 024F86742AEAE98700F752DA /* LandingCoordinator.swift */; };
		024F86772AEAE9F900F752DA /* LandingScreen.swift in Sources */ = {isa = PBXBuildFile; fileRef = 024F86762AEAE9F900F752DA /* LandingScreen.swift */; };
		024F86792AEAEDBD00F752DA /* LandingViewModel.swift in Sources */ = {isa = PBXBuildFile; fileRef = 024F86782AEAEDBD00F752DA /* LandingViewModel.swift */; };
		024F867B2AEAF31100F752DA /* LandingContext.swift in Sources */ = {isa = PBXBuildFile; fileRef = 024F867A2AEAF31100F752DA /* LandingContext.swift */; };
		024F867D2AEB0ECE00F752DA /* TransactionsContext.swift in Sources */ = {isa = PBXBuildFile; fileRef = 024F867C2AEB0ECE00F752DA /* TransactionsContext.swift */; };
		02978B032AEAD7F40055A60B /* AppDelegate.swift in Sources */ = {isa = PBXBuildFile; fileRef = 02978B022AEAD7F40055A60B /* AppDelegate.swift */; };
		02978B052AEAD7F40055A60B /* SceneDelegate.swift in Sources */ = {isa = PBXBuildFile; fileRef = 02978B042AEAD7F40055A60B /* SceneDelegate.swift */; };
		02978B0C2AEAD7F50055A60B /* Assets.xcassets in Resources */ = {isa = PBXBuildFile; fileRef = 02978B0B2AEAD7F50055A60B /* Assets.xcassets */; };
		02978B0F2AEAD7F50055A60B /* LaunchScreen.storyboard in Resources */ = {isa = PBXBuildFile; fileRef = 02978B0D2AEAD7F50055A60B /* LaunchScreen.storyboard */; };
		02978B172AEAD8460055A60B /* AppCoordinator.swift in Sources */ = {isa = PBXBuildFile; fileRef = 02978B162AEAD8460055A60B /* AppCoordinator.swift */; };
		02978B192AEAE1FD0055A60B /* AppContext.swift in Sources */ = {isa = PBXBuildFile; fileRef = 02978B182AEAE1FD0055A60B /* AppContext.swift */; };
		3B1C66CD2B03BDFA00CC7A82 /* InjectionClassesTests.swift in Sources */ = {isa = PBXBuildFile; fileRef = 3B1C66CC2B03BDFA00CC7A82 /* InjectionClassesTests.swift */; };
		3BDCC4F62B03C00000FBBB20 /* SettingsCoordinator.swift in Sources */ = {isa = PBXBuildFile; fileRef = 3B1C66D62B03BFBC00CC7A82 /* SettingsCoordinator.swift */; };
		3BDCC4F92B03C00500FBBB20 /* SettingsContext.swift in Sources */ = {isa = PBXBuildFile; fileRef = 3B1C66D42B03BFB200CC7A82 /* SettingsContext.swift */; };
		3BDCC4FA2B03C00500FBBB20 /* SettingsScreen.swift in Sources */ = {isa = PBXBuildFile; fileRef = 3B1C66D82B03BFBC00CC7A82 /* SettingsScreen.swift */; };
		3BDCC4FB2B03C00500FBBB20 /* SettingsViewModel.swift in Sources */ = {isa = PBXBuildFile; fileRef = 3B1C66D72B03BFBC00CC7A82 /* SettingsViewModel.swift */; };
/* End PBXBuildFile section */

/* Begin PBXContainerItemProxy section */
		3B1C66CE2B03BDFA00CC7A82 /* PBXContainerItemProxy */ = {
			isa = PBXContainerItemProxy;
			containerPortal = 02978AF72AEAD7F40055A60B /* Project object */;
			proxyType = 1;
			remoteGlobalIDString = 02978AFE2AEAD7F40055A60B;
			remoteInfo = InjectionApp;
		};
/* End PBXContainerItemProxy section */

/* Begin PBXFileReference section */
		024F86662AEAE38700F752DA /* TransactionDetailsScreen.swift */ = {isa = PBXFileReference; lastKnownFileType = sourcecode.swift; path = TransactionDetailsScreen.swift; sourceTree = "<group>"; };
		024F86682AEAE3D700F752DA /* TransactionDetailsViewModel.swift */ = {isa = PBXFileReference; lastKnownFileType = sourcecode.swift; path = TransactionDetailsViewModel.swift; sourceTree = "<group>"; };
		024F866B2AEAE53700F752DA /* TransactionDetailsDataProvider.swift */ = {isa = PBXFileReference; lastKnownFileType = sourcecode.swift; path = TransactionDetailsDataProvider.swift; sourceTree = "<group>"; };
		024F866D2AEAE57600F752DA /* Analytics.swift */ = {isa = PBXFileReference; lastKnownFileType = sourcecode.swift; path = Analytics.swift; sourceTree = "<group>"; };
		024F866F2AEAE58900F752DA /* FlagManager.swift */ = {isa = PBXFileReference; lastKnownFileType = sourcecode.swift; path = FlagManager.swift; sourceTree = "<group>"; };
		024F86712AEAE5B500F752DA /* TransactionsCoordinator.swift */ = {isa = PBXFileReference; lastKnownFileType = sourcecode.swift; path = TransactionsCoordinator.swift; sourceTree = "<group>"; };
		024F86742AEAE98700F752DA /* LandingCoordinator.swift */ = {isa = PBXFileReference; lastKnownFileType = sourcecode.swift; path = LandingCoordinator.swift; sourceTree = "<group>"; };
		024F86762AEAE9F900F752DA /* LandingScreen.swift */ = {isa = PBXFileReference; lastKnownFileType = sourcecode.swift; path = LandingScreen.swift; sourceTree = "<group>"; };
		024F86782AEAEDBD00F752DA /* LandingViewModel.swift */ = {isa = PBXFileReference; lastKnownFileType = sourcecode.swift; path = LandingViewModel.swift; sourceTree = "<group>"; };
		024F867A2AEAF31100F752DA /* LandingContext.swift */ = {isa = PBXFileReference; lastKnownFileType = sourcecode.swift; path = LandingContext.swift; sourceTree = "<group>"; };
		024F867C2AEB0ECE00F752DA /* TransactionsContext.swift */ = {isa = PBXFileReference; lastKnownFileType = sourcecode.swift; path = TransactionsContext.swift; sourceTree = "<group>"; };
		02978AFF2AEAD7F40055A60B /* InjectionClasses.app */ = {isa = PBXFileReference; explicitFileType = wrapper.application; includeInIndex = 0; path = InjectionClasses.app; sourceTree = BUILT_PRODUCTS_DIR; };
		02978B022AEAD7F40055A60B /* AppDelegate.swift */ = {isa = PBXFileReference; lastKnownFileType = sourcecode.swift; path = AppDelegate.swift; sourceTree = "<group>"; };
		02978B042AEAD7F40055A60B /* SceneDelegate.swift */ = {isa = PBXFileReference; lastKnownFileType = sourcecode.swift; path = SceneDelegate.swift; sourceTree = "<group>"; };
		02978B0B2AEAD7F50055A60B /* Assets.xcassets */ = {isa = PBXFileReference; lastKnownFileType = folder.assetcatalog; path = Assets.xcassets; sourceTree = "<group>"; };
		02978B0E2AEAD7F50055A60B /* Base */ = {isa = PBXFileReference; lastKnownFileType = file.storyboard; name = Base; path = Base.lproj/LaunchScreen.storyboard; sourceTree = "<group>"; };
		02978B102AEAD7F50055A60B /* Info.plist */ = {isa = PBXFileReference; lastKnownFileType = text.plist.xml; path = Info.plist; sourceTree = "<group>"; };
		02978B162AEAD8460055A60B /* AppCoordinator.swift */ = {isa = PBXFileReference; lastKnownFileType = sourcecode.swift; path = AppCoordinator.swift; sourceTree = "<group>"; };
		02978B182AEAE1FD0055A60B /* AppContext.swift */ = {isa = PBXFileReference; lastKnownFileType = sourcecode.swift; path = AppContext.swift; sourceTree = "<group>"; };
		3B1C66CA2B03BDFA00CC7A82 /* InjectionClassesTests.xctest */ = {isa = PBXFileReference; explicitFileType = wrapper.cfbundle; includeInIndex = 0; path = InjectionClassesTests.xctest; sourceTree = BUILT_PRODUCTS_DIR; };
		3B1C66CC2B03BDFA00CC7A82 /* InjectionClassesTests.swift */ = {isa = PBXFileReference; lastKnownFileType = sourcecode.swift; path = InjectionClassesTests.swift; sourceTree = "<group>"; };
		3B1C66D42B03BFB200CC7A82 /* SettingsContext.swift */ = {isa = PBXFileReference; lastKnownFileType = sourcecode.swift; path = SettingsContext.swift; sourceTree = "<group>"; };
		3B1C66D62B03BFBC00CC7A82 /* SettingsCoordinator.swift */ = {isa = PBXFileReference; lastKnownFileType = sourcecode.swift; path = SettingsCoordinator.swift; sourceTree = "<group>"; };
		3B1C66D72B03BFBC00CC7A82 /* SettingsViewModel.swift */ = {isa = PBXFileReference; lastKnownFileType = sourcecode.swift; path = SettingsViewModel.swift; sourceTree = "<group>"; };
		3B1C66D82B03BFBC00CC7A82 /* SettingsScreen.swift */ = {isa = PBXFileReference; lastKnownFileType = sourcecode.swift; path = SettingsScreen.swift; sourceTree = "<group>"; };
/* End PBXFileReference section */

/* Begin PBXFrameworksBuildPhase section */
		02978AFC2AEAD7F40055A60B /* Frameworks */ = {
			isa = PBXFrameworksBuildPhase;
			buildActionMask = 2147483647;
			files = (
			);
			runOnlyForDeploymentPostprocessing = 0;
		};
		3B1C66C72B03BDFA00CC7A82 /* Frameworks */ = {
			isa = PBXFrameworksBuildPhase;
			buildActionMask = 2147483647;
			files = (
			);
			runOnlyForDeploymentPostprocessing = 0;
		};
/* End PBXFrameworksBuildPhase section */

/* Begin PBXGroup section */
		024F866A2AEAE47B00F752DA /* Transactions */ = {
			isa = PBXGroup;
			children = (
				024F866B2AEAE53700F752DA /* TransactionDetailsDataProvider.swift */,
				024F86662AEAE38700F752DA /* TransactionDetailsScreen.swift */,
				024F86682AEAE3D700F752DA /* TransactionDetailsViewModel.swift */,
				024F867C2AEB0ECE00F752DA /* TransactionsContext.swift */,
				024F86712AEAE5B500F752DA /* TransactionsCoordinator.swift */,
			);
			path = Transactions;
			sourceTree = "<group>";
		};
		024F86732AEAE97900F752DA /* Landing */ = {
			isa = PBXGroup;
			children = (
				024F867A2AEAF31100F752DA /* LandingContext.swift */,
				024F86742AEAE98700F752DA /* LandingCoordinator.swift */,
				024F86762AEAE9F900F752DA /* LandingScreen.swift */,
				024F86782AEAEDBD00F752DA /* LandingViewModel.swift */,
			);
			path = Landing;
			sourceTree = "<group>";
		};
		02978AF62AEAD7F40055A60B = {
			isa = PBXGroup;
			children = (
				02978B012AEAD7F40055A60B /* InjectionClasses */,
				3B1C66CB2B03BDFA00CC7A82 /* InjectionClassesTests */,
				02978B002AEAD7F40055A60B /* Products */,
			);
			sourceTree = "<group>";
		};
		02978B002AEAD7F40055A60B /* Products */ = {
			isa = PBXGroup;
			children = (
				02978AFF2AEAD7F40055A60B /* InjectionClasses.app */,
				3B1C66CA2B03BDFA00CC7A82 /* InjectionClassesTests.xctest */,
			);
			name = Products;
			sourceTree = "<group>";
		};
		02978B012AEAD7F40055A60B /* InjectionClasses */ = {
			isa = PBXGroup;
			children = (
				024F866D2AEAE57600F752DA /* Analytics.swift */,
				02978B182AEAE1FD0055A60B /* AppContext.swift */,
				02978B162AEAD8460055A60B /* AppCoordinator.swift */,
				02978B022AEAD7F40055A60B /* AppDelegate.swift */,
				02978B0B2AEAD7F50055A60B /* Assets.xcassets */,
				024F866F2AEAE58900F752DA /* FlagManager.swift */,
				02978B102AEAD7F50055A60B /* Info.plist */,
				024F86732AEAE97900F752DA /* Landing */,
				02978B0D2AEAD7F50055A60B /* LaunchScreen.storyboard */,
				02978B042AEAD7F40055A60B /* SceneDelegate.swift */,
				3B1C66D32B03BFA600CC7A82 /* Settings */,
				024F866A2AEAE47B00F752DA /* Transactions */,
			);
			path = InjectionClasses;
			sourceTree = "<group>";
		};
		3B1C66CB2B03BDFA00CC7A82 /* InjectionClassesTests */ = {
			isa = PBXGroup;
			children = (
				3B1C66CC2B03BDFA00CC7A82 /* InjectionClassesTests.swift */,
			);
			path = InjectionClassesTests;
			sourceTree = "<group>";
		};
		3B1C66D32B03BFA600CC7A82 /* Settings */ = {
			isa = PBXGroup;
			children = (
				3B1C66D42B03BFB200CC7A82 /* SettingsContext.swift */,
				3B1C66D62B03BFBC00CC7A82 /* SettingsCoordinator.swift */,
				3B1C66D82B03BFBC00CC7A82 /* SettingsScreen.swift */,
				3B1C66D72B03BFBC00CC7A82 /* SettingsViewModel.swift */,
			);
			path = Settings;
			sourceTree = "<group>";
		};
/* End PBXGroup section */

/* Begin PBXNativeTarget section */
		02978AFE2AEAD7F40055A60B /* InjectionClasses */ = {
			isa = PBXNativeTarget;
			buildConfigurationList = 02978B132AEAD7F50055A60B /* Build configuration list for PBXNativeTarget "InjectionClasses" */;
			buildPhases = (
				02978AFB2AEAD7F40055A60B /* Sources */,
				02978AFC2AEAD7F40055A60B /* Frameworks */,
				02978AFD2AEAD7F40055A60B /* Resources */,
			);
			buildRules = (
			);
			dependencies = (
			);
			name = InjectionClasses;
			productName = InjectionApp;
			productReference = 02978AFF2AEAD7F40055A60B /* InjectionClasses.app */;
			productType = "com.apple.product-type.application";
		};
		3B1C66C92B03BDFA00CC7A82 /* InjectionClassesTests */ = {
			isa = PBXNativeTarget;
			buildConfigurationList = 3B1C66D02B03BDFA00CC7A82 /* Build configuration list for PBXNativeTarget "InjectionClassesTests" */;
			buildPhases = (
				3B1C66C62B03BDFA00CC7A82 /* Sources */,
				3B1C66C72B03BDFA00CC7A82 /* Frameworks */,
				3B1C66C82B03BDFA00CC7A82 /* Resources */,
			);
			buildRules = (
			);
			dependencies = (
				3B1C66CF2B03BDFA00CC7A82 /* PBXTargetDependency */,
			);
			name = InjectionClassesTests;
			productName = InjectionAppTests;
			productReference = 3B1C66CA2B03BDFA00CC7A82 /* InjectionClassesTests.xctest */;
			productType = "com.apple.product-type.bundle.unit-test";
		};
/* End PBXNativeTarget section */

/* Begin PBXProject section */
		02978AF72AEAD7F40055A60B /* Project object */ = {
			isa = PBXProject;
			attributes = {
				BuildIndependentTargetsInParallel = 1;
				LastSwiftUpdateCheck = 1500;
				LastUpgradeCheck = 1500;
				TargetAttributes = {
					02978AFE2AEAD7F40055A60B = {
						CreatedOnToolsVersion = 15.0;
					};
					3B1C66C92B03BDFA00CC7A82 = {
						CreatedOnToolsVersion = 15.0;
						TestTargetID = 02978AFE2AEAD7F40055A60B;
					};
				};
			};
			buildConfigurationList = 02978AFA2AEAD7F40055A60B /* Build configuration list for PBXProject "InjectionClasses" */;
			compatibilityVersion = "Xcode 14.0";
			developmentRegion = en;
			hasScannedForEncodings = 0;
			knownRegions = (
				en,
				Base,
			);
			mainGroup = 02978AF62AEAD7F40055A60B;
			productRefGroup = 02978B002AEAD7F40055A60B /* Products */;
			projectDirPath = "";
			projectRoot = "";
			targets = (
				02978AFE2AEAD7F40055A60B /* InjectionClasses */,
				3B1C66C92B03BDFA00CC7A82 /* InjectionClassesTests */,
			);
		};
/* End PBXProject section */

/* Begin PBXResourcesBuildPhase section */
		02978AFD2AEAD7F40055A60B /* Resources */ = {
			isa = PBXResourcesBuildPhase;
			buildActionMask = 2147483647;
			files = (
				02978B0F2AEAD7F50055A60B /* LaunchScreen.storyboard in Resources */,
				02978B0C2AEAD7F50055A60B /* Assets.xcassets in Resources */,
			);
			runOnlyForDeploymentPostprocessing = 0;
		};
		3B1C66C82B03BDFA00CC7A82 /* Resources */ = {
			isa = PBXResourcesBuildPhase;
			buildActionMask = 2147483647;
			files = (
			);
			runOnlyForDeploymentPostprocessing = 0;
		};
/* End PBXResourcesBuildPhase section */

/* Begin PBXSourcesBuildPhase section */
		02978AFB2AEAD7F40055A60B /* Sources */ = {
			isa = PBXSourcesBuildPhase;
			buildActionMask = 2147483647;
			files = (
				024F86752AEAE98700F752DA /* LandingCoordinator.swift in Sources */,
				024F866C2AEAE53700F752DA /* TransactionDetailsDataProvider.swift in Sources */,
				024F867D2AEB0ECE00F752DA /* TransactionsContext.swift in Sources */,
				02978B172AEAD8460055A60B /* AppCoordinator.swift in Sources */,
				02978B192AEAE1FD0055A60B /* AppContext.swift in Sources */,
				3BDCC4FB2B03C00500FBBB20 /* SettingsViewModel.swift in Sources */,
				024F86692AEAE3D700F752DA /* TransactionDetailsViewModel.swift in Sources */,
				02978B032AEAD7F40055A60B /* AppDelegate.swift in Sources */,
				02978B052AEAD7F40055A60B /* SceneDelegate.swift in Sources */,
				3BDCC4F92B03C00500FBBB20 /* SettingsContext.swift in Sources */,
				024F86722AEAE5B500F752DA /* TransactionsCoordinator.swift in Sources */,
				3BDCC4FA2B03C00500FBBB20 /* SettingsScreen.swift in Sources */,
				024F86702AEAE58900F752DA /* FlagManager.swift in Sources */,
				024F86672AEAE38700F752DA /* TransactionDetailsScreen.swift in Sources */,
				3BDCC4F62B03C00000FBBB20 /* SettingsCoordinator.swift in Sources */,
				024F867B2AEAF31100F752DA /* LandingContext.swift in Sources */,
				024F866E2AEAE57600F752DA /* Analytics.swift in Sources */,
				024F86792AEAEDBD00F752DA /* LandingViewModel.swift in Sources */,
				024F86772AEAE9F900F752DA /* LandingScreen.swift in Sources */,
			);
			runOnlyForDeploymentPostprocessing = 0;
		};
		3B1C66C62B03BDFA00CC7A82 /* Sources */ = {
			isa = PBXSourcesBuildPhase;
			buildActionMask = 2147483647;
			files = (
				3B1C66CD2B03BDFA00CC7A82 /* InjectionClassesTests.swift in Sources */,
			);
			runOnlyForDeploymentPostprocessing = 0;
		};
/* End PBXSourcesBuildPhase section */

/* Begin PBXTargetDependency section */
		3B1C66CF2B03BDFA00CC7A82 /* PBXTargetDependency */ = {
			isa = PBXTargetDependency;
			target = 02978AFE2AEAD7F40055A60B /* InjectionClasses */;
			targetProxy = 3B1C66CE2B03BDFA00CC7A82 /* PBXContainerItemProxy */;
		};
/* End PBXTargetDependency section */

/* Begin PBXVariantGroup section */
		02978B0D2AEAD7F50055A60B /* LaunchScreen.storyboard */ = {
			isa = PBXVariantGroup;
			children = (
				02978B0E2AEAD7F50055A60B /* Base */,
			);
			name = LaunchScreen.storyboard;
			sourceTree = "<group>";
		};
/* End PBXVariantGroup section */

/* Begin XCBuildConfiguration section */
		02978B112AEAD7F50055A60B /* Debug */ = {
			isa = XCBuildConfiguration;
			buildSettings = {
				ALWAYS_SEARCH_USER_PATHS = NO;
				ASSETCATALOG_COMPILER_GENERATE_SWIFT_ASSET_SYMBOL_EXTENSIONS = YES;
				CLANG_ANALYZER_NONNULL = YES;
				CLANG_ANALYZER_NUMBER_OBJECT_CONVERSION = YES_AGGRESSIVE;
				CLANG_CXX_LANGUAGE_STANDARD = "gnu++20";
				CLANG_ENABLE_MODULES = YES;
				CLANG_ENABLE_OBJC_ARC = YES;
				CLANG_ENABLE_OBJC_WEAK = YES;
				CLANG_WARN_BLOCK_CAPTURE_AUTORELEASING = YES;
				CLANG_WARN_BOOL_CONVERSION = YES;
				CLANG_WARN_COMMA = YES;
				CLANG_WARN_CONSTANT_CONVERSION = YES;
				CLANG_WARN_DEPRECATED_OBJC_IMPLEMENTATIONS = YES;
				CLANG_WARN_DIRECT_OBJC_ISA_USAGE = YES_ERROR;
				CLANG_WARN_DOCUMENTATION_COMMENTS = YES;
				CLANG_WARN_EMPTY_BODY = YES;
				CLANG_WARN_ENUM_CONVERSION = YES;
				CLANG_WARN_INFINITE_RECURSION = YES;
				CLANG_WARN_INT_CONVERSION = YES;
				CLANG_WARN_NON_LITERAL_NULL_CONVERSION = YES;
				CLANG_WARN_OBJC_IMPLICIT_RETAIN_SELF = YES;
				CLANG_WARN_OBJC_LITERAL_CONVERSION = YES;
				CLANG_WARN_OBJC_ROOT_CLASS = YES_ERROR;
				CLANG_WARN_QUOTED_INCLUDE_IN_FRAMEWORK_HEADER = YES;
				CLANG_WARN_RANGE_LOOP_ANALYSIS = YES;
				CLANG_WARN_STRICT_PROTOTYPES = YES;
				CLANG_WARN_SUSPICIOUS_MOVE = YES;
				CLANG_WARN_UNGUARDED_AVAILABILITY = YES_AGGRESSIVE;
				CLANG_WARN_UNREACHABLE_CODE = YES;
				CLANG_WARN__DUPLICATE_METHOD_MATCH = YES;
				COPY_PHASE_STRIP = NO;
				DEBUG_INFORMATION_FORMAT = dwarf;
				ENABLE_STRICT_OBJC_MSGSEND = YES;
				ENABLE_TESTABILITY = YES;
				ENABLE_USER_SCRIPT_SANDBOXING = YES;
				GCC_C_LANGUAGE_STANDARD = gnu17;
				GCC_DYNAMIC_NO_PIC = NO;
				GCC_NO_COMMON_BLOCKS = YES;
				GCC_OPTIMIZATION_LEVEL = 0;
				GCC_PREPROCESSOR_DEFINITIONS = (
					"DEBUG=1",
					"$(inherited)",
				);
				GCC_WARN_64_TO_32_BIT_CONVERSION = YES;
				GCC_WARN_ABOUT_RETURN_TYPE = YES_ERROR;
				GCC_WARN_UNDECLARED_SELECTOR = YES;
				GCC_WARN_UNINITIALIZED_AUTOS = YES_AGGRESSIVE;
				GCC_WARN_UNUSED_FUNCTION = YES;
				GCC_WARN_UNUSED_VARIABLE = YES;
				IPHONEOS_DEPLOYMENT_TARGET = 17.0;
				LOCALIZATION_PREFERS_STRING_CATALOGS = YES;
				MTL_ENABLE_DEBUG_INFO = INCLUDE_SOURCE;
				MTL_FAST_MATH = YES;
				ONLY_ACTIVE_ARCH = YES;
				SDKROOT = iphoneos;
				SWIFT_ACTIVE_COMPILATION_CONDITIONS = "DEBUG $(inherited)";
				SWIFT_OPTIMIZATION_LEVEL = "-Onone";
			};
			name = Debug;
		};
		02978B122AEAD7F50055A60B /* Release */ = {
			isa = XCBuildConfiguration;
			buildSettings = {
				ALWAYS_SEARCH_USER_PATHS = NO;
				ASSETCATALOG_COMPILER_GENERATE_SWIFT_ASSET_SYMBOL_EXTENSIONS = YES;
				CLANG_ANALYZER_NONNULL = YES;
				CLANG_ANALYZER_NUMBER_OBJECT_CONVERSION = YES_AGGRESSIVE;
				CLANG_CXX_LANGUAGE_STANDARD = "gnu++20";
				CLANG_ENABLE_MODULES = YES;
				CLANG_ENABLE_OBJC_ARC = YES;
				CLANG_ENABLE_OBJC_WEAK = YES;
				CLANG_WARN_BLOCK_CAPTURE_AUTORELEASING = YES;
				CLANG_WARN_BOOL_CONVERSION = YES;
				CLANG_WARN_COMMA = YES;
				CLANG_WARN_CONSTANT_CONVERSION = YES;
				CLANG_WARN_DEPRECATED_OBJC_IMPLEMENTATIONS = YES;
				CLANG_WARN_DIRECT_OBJC_ISA_USAGE = YES_ERROR;
				CLANG_WARN_DOCUMENTATION_COMMENTS = YES;
				CLANG_WARN_EMPTY_BODY = YES;
				CLANG_WARN_ENUM_CONVERSION = YES;
				CLANG_WARN_INFINITE_RECURSION = YES;
				CLANG_WARN_INT_CONVERSION = YES;
				CLANG_WARN_NON_LITERAL_NULL_CONVERSION = YES;
				CLANG_WARN_OBJC_IMPLICIT_RETAIN_SELF = YES;
				CLANG_WARN_OBJC_LITERAL_CONVERSION = YES;
				CLANG_WARN_OBJC_ROOT_CLASS = YES_ERROR;
				CLANG_WARN_QUOTED_INCLUDE_IN_FRAMEWORK_HEADER = YES;
				CLANG_WARN_RANGE_LOOP_ANALYSIS = YES;
				CLANG_WARN_STRICT_PROTOTYPES = YES;
				CLANG_WARN_SUSPICIOUS_MOVE = YES;
				CLANG_WARN_UNGUARDED_AVAILABILITY = YES_AGGRESSIVE;
				CLANG_WARN_UNREACHABLE_CODE = YES;
				CLANG_WARN__DUPLICATE_METHOD_MATCH = YES;
				COPY_PHASE_STRIP = NO;
				DEBUG_INFORMATION_FORMAT = "dwarf-with-dsym";
				ENABLE_NS_ASSERTIONS = NO;
				ENABLE_STRICT_OBJC_MSGSEND = YES;
				ENABLE_USER_SCRIPT_SANDBOXING = YES;
				GCC_C_LANGUAGE_STANDARD = gnu17;
				GCC_NO_COMMON_BLOCKS = YES;
				GCC_WARN_64_TO_32_BIT_CONVERSION = YES;
				GCC_WARN_ABOUT_RETURN_TYPE = YES_ERROR;
				GCC_WARN_UNDECLARED_SELECTOR = YES;
				GCC_WARN_UNINITIALIZED_AUTOS = YES_AGGRESSIVE;
				GCC_WARN_UNUSED_FUNCTION = YES;
				GCC_WARN_UNUSED_VARIABLE = YES;
				IPHONEOS_DEPLOYMENT_TARGET = 17.0;
				LOCALIZATION_PREFERS_STRING_CATALOGS = YES;
				MTL_ENABLE_DEBUG_INFO = NO;
				MTL_FAST_MATH = YES;
				SDKROOT = iphoneos;
				SWIFT_COMPILATION_MODE = wholemodule;
				VALIDATE_PRODUCT = YES;
			};
			name = Release;
		};
		02978B142AEAD7F50055A60B /* Debug */ = {
			isa = XCBuildConfiguration;
			buildSettings = {
				ASSETCATALOG_COMPILER_APPICON_NAME = AppIcon;
				ASSETCATALOG_COMPILER_GLOBAL_ACCENT_COLOR_NAME = AccentColor;
				CODE_SIGN_STYLE = Automatic;
				CURRENT_PROJECT_VERSION = 1;
				DEVELOPMENT_TEAM = 576W44C4E4;
				GENERATE_INFOPLIST_FILE = YES;
				INFOPLIST_FILE = InjectionClasses/Info.plist;
				INFOPLIST_KEY_UIApplicationSupportsIndirectInputEvents = YES;
				INFOPLIST_KEY_UILaunchStoryboardName = LaunchScreen;
				INFOPLIST_KEY_UIMainStoryboardFile = "";
				INFOPLIST_KEY_UISupportedInterfaceOrientations_iPad = "UIInterfaceOrientationPortrait UIInterfaceOrientationPortraitUpsideDown UIInterfaceOrientationLandscapeLeft UIInterfaceOrientationLandscapeRight";
				INFOPLIST_KEY_UISupportedInterfaceOrientations_iPhone = "UIInterfaceOrientationPortrait UIInterfaceOrientationLandscapeLeft UIInterfaceOrientationLandscapeRight";
				LD_RUNPATH_SEARCH_PATHS = (
					"$(inherited)",
					"@executable_path/Frameworks",
				);
				MARKETING_VERSION = 1.0;
				PRODUCT_BUNDLE_IDENTIFIER = com.m1finance.InjectionApp;
				PRODUCT_NAME = "$(TARGET_NAME)";
				SWIFT_EMIT_LOC_STRINGS = YES;
				SWIFT_VERSION = 5.0;
				TARGETED_DEVICE_FAMILY = "1,2";
			};
			name = Debug;
		};
		02978B152AEAD7F50055A60B /* Release */ = {
			isa = XCBuildConfiguration;
			buildSettings = {
				ASSETCATALOG_COMPILER_APPICON_NAME = AppIcon;
				ASSETCATALOG_COMPILER_GLOBAL_ACCENT_COLOR_NAME = AccentColor;
				CODE_SIGN_STYLE = Automatic;
				CURRENT_PROJECT_VERSION = 1;
				DEVELOPMENT_TEAM = 576W44C4E4;
				GENERATE_INFOPLIST_FILE = YES;
				INFOPLIST_FILE = InjectionClasses/Info.plist;
				INFOPLIST_KEY_UIApplicationSupportsIndirectInputEvents = YES;
				INFOPLIST_KEY_UILaunchStoryboardName = LaunchScreen;
				INFOPLIST_KEY_UIMainStoryboardFile = "";
				INFOPLIST_KEY_UISupportedInterfaceOrientations_iPad = "UIInterfaceOrientationPortrait UIInterfaceOrientationPortraitUpsideDown UIInterfaceOrientationLandscapeLeft UIInterfaceOrientationLandscapeRight";
				INFOPLIST_KEY_UISupportedInterfaceOrientations_iPhone = "UIInterfaceOrientationPortrait UIInterfaceOrientationLandscapeLeft UIInterfaceOrientationLandscapeRight";
				LD_RUNPATH_SEARCH_PATHS = (
					"$(inherited)",
					"@executable_path/Frameworks",
				);
				MARKETING_VERSION = 1.0;
				PRODUCT_BUNDLE_IDENTIFIER = com.m1finance.InjectionApp;
				PRODUCT_NAME = "$(TARGET_NAME)";
				SWIFT_EMIT_LOC_STRINGS = YES;
				SWIFT_VERSION = 5.0;
				TARGETED_DEVICE_FAMILY = "1,2";
			};
			name = Release;
		};
		3B1C66D12B03BDFA00CC7A82 /* Debug */ = {
			isa = XCBuildConfiguration;
			buildSettings = {
				BUNDLE_LOADER = "$(TEST_HOST)";
				CODE_SIGN_STYLE = Automatic;
				CURRENT_PROJECT_VERSION = 1;
				GENERATE_INFOPLIST_FILE = YES;
				MARKETING_VERSION = 1.0;
				PRODUCT_BUNDLE_IDENTIFIER = com.m1.InjectionAppTests;
				PRODUCT_NAME = "$(TARGET_NAME)";
				SWIFT_EMIT_LOC_STRINGS = NO;
				SWIFT_VERSION = 5.0;
				TARGETED_DEVICE_FAMILY = "1,2";
				TEST_HOST = "$(BUILT_PRODUCTS_DIR)/InjectionClasses.app/$(BUNDLE_EXECUTABLE_FOLDER_PATH)/InjectionClasses";
			};
			name = Debug;
		};
		3B1C66D22B03BDFA00CC7A82 /* Release */ = {
			isa = XCBuildConfiguration;
			buildSettings = {
				BUNDLE_LOADER = "$(TEST_HOST)";
				CODE_SIGN_STYLE = Automatic;
				CURRENT_PROJECT_VERSION = 1;
				GENERATE_INFOPLIST_FILE = YES;
				MARKETING_VERSION = 1.0;
				PRODUCT_BUNDLE_IDENTIFIER = com.m1.InjectionAppTests;
				PRODUCT_NAME = "$(TARGET_NAME)";
				SWIFT_EMIT_LOC_STRINGS = NO;
				SWIFT_VERSION = 5.0;
				TARGETED_DEVICE_FAMILY = "1,2";
				TEST_HOST = "$(BUILT_PRODUCTS_DIR)/InjectionClasses.app/$(BUNDLE_EXECUTABLE_FOLDER_PATH)/InjectionClasses";
			};
			name = Release;
		};
/* End XCBuildConfiguration section */

/* Begin XCConfigurationList section */
		02978AFA2AEAD7F40055A60B /* Build configuration list for PBXProject "InjectionClasses" */ = {
			isa = XCConfigurationList;
			buildConfigurations = (
				02978B112AEAD7F50055A60B /* Debug */,
				02978B122AEAD7F50055A60B /* Release */,
			);
			defaultConfigurationIsVisible = 0;
			defaultConfigurationName = Release;
		};
		02978B132AEAD7F50055A60B /* Build configuration list for PBXNativeTarget "InjectionClasses" */ = {
			isa = XCConfigurationList;
			buildConfigurations = (
				02978B142AEAD7F50055A60B /* Debug */,
				02978B152AEAD7F50055A60B /* Release */,
			);
			defaultConfigurationIsVisible = 0;
			defaultConfigurationName = Release;
		};
		3B1C66D02B03BDFA00CC7A82 /* Build configuration list for PBXNativeTarget "InjectionClassesTests" */ = {
			isa = XCConfigurationList;
			buildConfigurations = (
				3B1C66D12B03BDFA00CC7A82 /* Debug */,
				3B1C66D22B03BDFA00CC7A82 /* Release */,
			);
			defaultConfigurationIsVisible = 0;
			defaultConfigurationName = Release;
		};
/* End XCConfigurationList section */
	};
	rootObject = 02978AF72AEAD7F40055A60B /* Project object */;
}
